
Microsoft Visual Studio Solution File, Format Version 12.00
# Visual Studio Version 16
VisualStudioVersion = 16.0.32413.511
MinimumVisualStudioVersion = 10.0.40219.1
Project("{FAE04EC0-301F-11D3-BF4B-00C04F79EFBC}") = "Longest Substring with At Least K Repeating Characters", "Longest Substring with At Least K Repeating Characters\Longest Substring with At Least K Repeating Characters.csproj", "{66B550CE-EA21-4910-8B35-182C0D23F376}"
EndProject
Global
	GlobalSection(SolutionConfigurationPlatforms) = preSolution
		Debug|Any CPU = Debug|Any CPU
		Release|Any CPU = Release|Any CPU
	EndGlobalSection
	GlobalSection(ProjectConfigurationPlatforms) = postSolution
		{66B550CE-EA21-4910-8B35-182C0D23F376}.Debug|Any CPU.ActiveCfg = Debug|Any CPU
		{66B550CE-EA21-4910-8B35-182C0D23F376}.Debug|Any CPU.Build.0 = Debug|Any CPU
		{66B550CE-EA21-4910-8B35-182C0D23F376}.Release|Any CPU.ActiveCfg = Release|Any CPU
		{66B550CE-EA21-4910-8B35-182C0D23F376}.Release|Any CPU.Build.0 = Release|Any CPU
	EndGlobalSection
	GlobalSection(SolutionProperties) = preSolution
		HideSolutionNode = FALSE
	EndGlobalSection
	GlobalSection(ExtensibilityGlobals) = postSolution
		SolutionGuid = {230CFEF8-FD6C-43A4-B5FE-54E6D4324253}
	EndGlobalSection
EndGlobal
